
Microsoft Visual Studio Solution File, Format Version 12.00
# Visual Studio 15
VisualStudioVersion = 15.0.27703.2018
MinimumVisualStudioVersion = 10.0.40219.1
Project("{00D1A9C2-B5F0-4AF3-8072-F6C62B433612}") = "SwinnyVetDB", "SwinnyVetDB\SwinnyVetDB.sqlproj", "{E6F7CB3C-C459-4C36-AD2B-E43149351E0F}"
EndProject
Project("{FAE04EC0-301F-11D3-BF4B-00C04F79EFBC}") = "SwinnyVetAPI", "SwinnyVetAPI\SwinnyVetAPI.csproj", "{6375A69C-DEFF-4346-B91C-3B5B396EAC65}"
EndProject
Project("{FAE04EC0-301F-11D3-BF4B-00C04F79EFBC}") = "SwinnyVetUI", "SwinnyVetUI\SwinnyVetUI.csproj", "{D3BA7E26-F4C0-4F08-8FC4-9326D911C29A}"
EndProject
Global
	GlobalSection(SolutionConfigurationPlatforms) = preSolution
		Debug|Any CPU = Debug|Any CPU
		Release|Any CPU = Release|Any CPU
	EndGlobalSection
	GlobalSection(ProjectConfigurationPlatforms) = postSolution
		{E6F7CB3C-C459-4C36-AD2B-E43149351E0F}.Debug|Any CPU.ActiveCfg = Debug|Any CPU
		{E6F7CB3C-C459-4C36-AD2B-E43149351E0F}.Debug|Any CPU.Build.0 = Debug|Any CPU
		{E6F7CB3C-C459-4C36-AD2B-E43149351E0F}.Debug|Any CPU.Deploy.0 = Debug|Any CPU
		{E6F7CB3C-C459-4C36-AD2B-E43149351E0F}.Release|Any CPU.ActiveCfg = Release|Any CPU
		{E6F7CB3C-C459-4C36-AD2B-E43149351E0F}.Release|Any CPU.Build.0 = Release|Any CPU
		{E6F7CB3C-C459-4C36-AD2B-E43149351E0F}.Release|Any CPU.Deploy.0 = Release|Any CPU
		{6375A69C-DEFF-4346-B91C-3B5B396EAC65}.Debug|Any CPU.ActiveCfg = Debug|Any CPU
		{6375A69C-DEFF-4346-B91C-3B5B396EAC65}.Debug|Any CPU.Build.0 = Debug|Any CPU
		{6375A69C-DEFF-4346-B91C-3B5B396EAC65}.Release|Any CPU.ActiveCfg = Release|Any CPU
		{6375A69C-DEFF-4346-B91C-3B5B396EAC65}.Release|Any CPU.Build.0 = Release|Any CPU
		{D3BA7E26-F4C0-4F08-8FC4-9326D911C29A}.Debug|Any CPU.ActiveCfg = Debug|Any CPU
		{D3BA7E26-F4C0-4F08-8FC4-9326D911C29A}.Debug|Any CPU.Build.0 = Debug|Any CPU
		{D3BA7E26-F4C0-4F08-8FC4-9326D911C29A}.Release|Any CPU.ActiveCfg = Release|Any CPU
		{D3BA7E26-F4C0-4F08-8FC4-9326D911C29A}.Release|Any CPU.Build.0 = Release|Any CPU
	EndGlobalSection
	GlobalSection(SolutionProperties) = preSolution
		HideSolutionNode = FALSE
	EndGlobalSection
	GlobalSection(ExtensibilityGlobals) = postSolution
		SolutionGuid = {08741C1C-A4AF-48F0-B76B-746CF3E4EBFA}
	EndGlobalSection
EndGlobal
